github.com/hugoinaction/Eclectic v0.0.0-20240909042235-c134b38fcc24 h1:vNW/pWpT+CUCDH+ynKHuQeNPJKnelBMp/QNKxMXM+8U=
github.com/hugoinaction/Eclectic v0.0.0-20240909042235-c134b38fcc24/go.mod h1:z4ORsG6K5BF+U3ssVkl+7kzy770SWHxNXfWYzdQrqGc=
github.com/hugoinaction/Eclectic v0.0.0-20260513011718-a53c0827d41e h1:5Ws5l0pBoqwInlGQfUr3Jk7T3SlYFe7Bz0RwfQ5MSqg=
github.com/hugoinaction/Eclectic v0.0.0-20260513011718-a53c0827d41e/go.mod h1:z4ORsG6K5BF+U3ssVkl+7kzy770SWHxNXfWYzdQrqGc=
